
Microsoft Visual Studio Solution File, Format Version 12.00
# Visual Studio Version 16
VisualStudioVersion = 16.0.31112.23
MinimumVisualStudioVersion = 10.0.40219.1
Project("{FAE04EC0-301F-11D3-BF4B-00C04F79EFBC}") = "30.04", "30.04\30.04.csproj", "{CAC86DB4-EE74-4999-A9FA-3F1B79B6DB73}"
EndProject
Project("{FAE04EC0-301F-11D3-BF4B-00C04F79EFBC}") = "2", "2\2.csproj", "{8898B874-7FE8-43E3-8AC3-C1BAC788EBF2}"
EndProject
Project("{FAE04EC0-301F-11D3-BF4B-00C04F79EFBC}") = "3", "3\3.csproj", "{0966846F-E994-4359-ABDD-8CFD6B21C941}"
EndProject
Project("{FAE04EC0-301F-11D3-BF4B-00C04F79EFBC}") = "4", "4\4.csproj", "{1919079F-6A41-405D-9EAD-3F034BEB6F51}"
EndProject
Project("{FAE04EC0-301F-11D3-BF4B-00C04F79EFBC}") = "5", "5\5.csproj", "{1FCC1F48-FE01-4954-AF06-AC06C81C76B5}"
EndProject
Project("{FAE04EC0-301F-11D3-BF4B-00C04F79EFBC}") = "6", "6\6.csproj", "{A10569E5-E9BB-466E-934D-84C68364F11A}"
EndProject
Project("{FAE04EC0-301F-11D3-BF4B-00C04F79EFBC}") = "7", "7\7.csproj", "{7FC7343F-016E-4205-A5B9-57E56FDE798B}"
EndProject
Project("{FAE04EC0-301F-11D3-BF4B-00C04F79EFBC}") = "8", "8\8.csproj", "{3F8CFC52-6F3A-4BA6-9688-CD7049ADFB9F}"
EndProject
Project("{FAE04EC0-301F-11D3-BF4B-00C04F79EFBC}") = "9", "9\9.csproj", "{C34A2678-1CE8-4548-A1C0-37FE6703F4FF}"
EndProject
Project("{FAE04EC0-301F-11D3-BF4B-00C04F79EFBC}") = "10", "10\10.csproj", "{18D076A1-088A-4FBE-AA14-ED238F50CFDD}"
EndProject
Global
	GlobalSection(SolutionConfigurationPlatforms) = preSolution
		Debug|Any CPU = Debug|Any CPU
		Release|Any CPU = Release|Any CPU
	EndGlobalSection
	GlobalSection(ProjectConfigurationPlatforms) = postSolution
		{CAC86DB4-EE74-4999-A9FA-3F1B79B6DB73}.Debug|Any CPU.ActiveCfg = Debug|Any CPU
		{CAC86DB4-EE74-4999-A9FA-3F1B79B6DB73}.Debug|Any CPU.Build.0 = Debug|Any CPU
		{CAC86DB4-EE74-4999-A9FA-3F1B79B6DB73}.Release|Any CPU.ActiveCfg = Release|Any CPU
		{CAC86DB4-EE74-4999-A9FA-3F1B79B6DB73}.Release|Any CPU.Build.0 = Release|Any CPU
		{8898B874-7FE8-43E3-8AC3-C1BAC788EBF2}.Debug|Any CPU.ActiveCfg = Debug|Any CPU
		{8898B874-7FE8-43E3-8AC3-C1BAC788EBF2}.Debug|Any CPU.Build.0 = Debug|Any CPU
		{8898B874-7FE8-43E3-8AC3-C1BAC788EBF2}.Release|Any CPU.ActiveCfg = Release|Any CPU
		{8898B874-7FE8-43E3-8AC3-C1BAC788EBF2}.Release|Any CPU.Build.0 = Release|Any CPU
		{0966846F-E994-4359-ABDD-8CFD6B21C941}.Debug|Any CPU.ActiveCfg = Debug|Any CPU
		{0966846F-E994-4359-ABDD-8CFD6B21C941}.Debug|Any CPU.Build.0 = Debug|Any CPU
		{0966846F-E994-4359-ABDD-8CFD6B21C941}.Release|Any CPU.ActiveCfg = Release|Any CPU
		{0966846F-E994-4359-ABDD-8CFD6B21C941}.Release|Any CPU.Build.0 = Release|Any CPU
		{1919079F-6A41-405D-9EAD-3F034BEB6F51}.Debug|Any CPU.ActiveCfg = Debug|Any CPU
		{1919079F-6A41-405D-9EAD-3F034BEB6F51}.Debug|Any CPU.Build.0 = Debug|Any CPU
		{1919079F-6A41-405D-9EAD-3F034BEB6F51}.Release|Any CPU.ActiveCfg = Release|Any CPU
		{1919079F-6A41-405D-9EAD-3F034BEB6F51}.Release|Any CPU.Build.0 = Release|Any CPU
		{1FCC1F48-FE01-4954-AF06-AC06C81C76B5}.Debug|Any CPU.ActiveCfg = Debug|Any CPU
		{1FCC1F48-FE01-4954-AF06-AC06C81C76B5}.Debug|Any CPU.Build.0 = Debug|Any CPU
		{1FCC1F48-FE01-4954-AF06-AC06C81C76B5}.Release|Any CPU.ActiveCfg = Release|Any CPU
		{1FCC1F48-FE01-4954-AF06-AC06C81C76B5}.Release|Any CPU.Build.0 = Release|Any CPU
		{A10569E5-E9BB-466E-934D-84C68364F11A}.Debug|Any CPU.ActiveCfg = Debug|Any CPU
		{A10569E5-E9BB-466E-934D-84C68364F11A}.Debug|Any CPU.Build.0 = Debug|Any CPU
		{A10569E5-E9BB-466E-934D-84C68364F11A}.Release|Any CPU.ActiveCfg = Release|Any CPU
		{A10569E5-E9BB-466E-934D-84C68364F11A}.Release|Any CPU.Build.0 = Release|Any CPU
		{7FC7343F-016E-4205-A5B9-57E56FDE798B}.Debug|Any CPU.ActiveCfg = Debug|Any CPU
		{7FC7343F-016E-4205-A5B9-57E56FDE798B}.Debug|Any CPU.Build.0 = Debug|Any CPU
		{7FC7343F-016E-4205-A5B9-57E56FDE798B}.Release|Any CPU.ActiveCfg = Release|Any CPU
		{7FC7343F-016E-4205-A5B9-57E56FDE798B}.Release|Any CPU.Build.0 = Release|Any CPU
		{3F8CFC52-6F3A-4BA6-9688-CD7049ADFB9F}.Debug|Any CPU.ActiveCfg = Debug|Any CPU
		{3F8CFC52-6F3A-4BA6-9688-CD7049ADFB9F}.Debug|Any CPU.Build.0 = Debug|Any CPU
		{3F8CFC52-6F3A-4BA6-9688-CD7049ADFB9F}.Release|Any CPU.ActiveCfg = Release|Any CPU
		{3F8CFC52-6F3A-4BA6-9688-CD7049ADFB9F}.Release|Any CPU.Build.0 = Release|Any CPU
		{C34A2678-1CE8-4548-A1C0-37FE6703F4FF}.Debug|Any CPU.ActiveCfg = Debug|Any CPU
		{C34A2678-1CE8-4548-A1C0-37FE6703F4FF}.Debug|Any CPU.Build.0 = Debug|Any CPU
		{C34A2678-1CE8-4548-A1C0-37FE6703F4FF}.Release|Any CPU.ActiveCfg = Release|Any CPU
		{C34A2678-1CE8-4548-A1C0-37FE6703F4FF}.Release|Any CPU.Build.0 = Release|Any CPU
		{18D076A1-088A-4FBE-AA14-ED238F50CFDD}.Debug|Any CPU.ActiveCfg = Debug|Any CPU
		{18D076A1-088A-4FBE-AA14-ED238F50CFDD}.Debug|Any CPU.Build.0 = Debug|Any CPU
		{18D076A1-088A-4FBE-AA14-ED238F50CFDD}.Release|Any CPU.ActiveCfg = Release|Any CPU
		{18D076A1-088A-4FBE-AA14-ED238F50CFDD}.Release|Any CPU.Build.0 = Release|Any CPU
	EndGlobalSection
	GlobalSection(SolutionProperties) = preSolution
		HideSolutionNode = FALSE
	EndGlobalSection
	GlobalSection(ExtensibilityGlobals) = postSolution
		SolutionGuid = {40A1774F-B600-4B69-840B-3FFCF878BF2D}
	EndGlobalSection
EndGlobal
